// !$*UTF8*$!
{
	archiveVersion = 1;
	classes = {
	};
	objectVersion = 52;
	objects = {

/* Begin PBXBuildFile section */
		2C1A2A9A26FE7886009C3F1D /* AlamofireImage in Frameworks */ = {isa = PBXBuildFile; productRef = 2C1A2A9926FE7886009C3F1D /* AlamofireImage */; };
		2C3600C626F695A900AEAFBD /* MovieCell.swift in Sources */ = {isa = PBXBuildFile; fileRef = 2C3600C526F695A900AEAFBD /* MovieCell.swift */; };
		2C3EE28A26F3DC3E00335D38 /* AppDelegate.swift in Sources */ = {isa = PBXBuildFile; fileRef = 2C3EE28926F3DC3E00335D38 /* AppDelegate.swift */; };
		2C3EE28C26F3DC3E00335D38 /* SceneDelegate.swift in Sources */ = {isa = PBXBuildFile; fileRef = 2C3EE28B26F3DC3E00335D38 /* SceneDelegate.swift */; };
		2C3EE28E26F3DC3E00335D38 /* ViewController.swift in Sources */ = {isa = PBXBuildFile; fileRef = 2C3EE28D26F3DC3E00335D38 /* ViewController.swift */; };
		2C3EE29126F3DC3E00335D38 /* Main.storyboard in Resources */ = {isa = PBXBuildFile; fileRef = 2C3EE28F26F3DC3E00335D38 /* Main.storyboard */; };
		2C3EE29326F3DC3F00335D38 /* Assets.xcassets in Resources */ = {isa = PBXBuildFile; fileRef = 2C3EE29226F3DC3F00335D38 /* Assets.xcassets */; };
		2C3EE29626F3DC3F00335D38 /* LaunchScreen.storyboard in Resources */ = {isa = PBXBuildFile; fileRef = 2C3EE29426F3DC3F00335D38 /* LaunchScreen.storyboard */; };
		2C3EE2A126F3DC4000335D38 /* flixterTests.swift in Sources */ = {isa = PBXBuildFile; fileRef = 2C3EE2A026F3DC4000335D38 /* flixterTests.swift */; };
		2C3EE2AC26F3DC4000335D38 /* flixterUITests.swift in Sources */ = {isa = PBXBuildFile; fileRef = 2C3EE2AB26F3DC4000335D38 /* flixterUITests.swift */; };
		2C3EE2BA26F525B000335D38 /* MoviesViewController.swift in Sources */ = {isa = PBXBuildFile; fileRef = 2C3EE2B926F525B000335D38 /* MoviesViewController.swift */; };
		40B6398FDF687A58E94D0384 /* Pods_flixter.framework in Frameworks */ = {isa = PBXBuildFile; fileRef = 087F2CFD14A1063B27C136E9 /* Pods_flixter.framework */; };
		C3E94C2BA0FB61614D95662C /* Pods_flixter_flixterUITests.framework in Frameworks */ = {isa = PBXBuildFile; fileRef = C9D8B80EBAA943824552D54B /* Pods_flixter_flixterUITests.framework */; };
		D5CB7ED9EC3756404DD7BCF2 /* Pods_flixterTests.framework in Frameworks */ = {isa = PBXBuildFile; fileRef = 73883744AEAD8BE64F090D8D /* Pods_flixterTests.framework */; };
/* End PBXBuildFile section */

/* Begin PBXContainerItemProxy section */
		2C3EE29D26F3DC4000335D38 /* PBXContainerItemProxy */ = {
			isa = PBXContainerItemProxy;
			containerPortal = 2C3EE27E26F3DC3E00335D38 /* Project object */;
			proxyType = 1;
			remoteGlobalIDString = 2C3EE28526F3DC3E00335D38;
			remoteInfo = flixter;
		};
		2C3EE2A826F3DC4000335D38 /* PBXContainerItemProxy */ = {
			isa = PBXContainerItemProxy;
			containerPortal = 2C3EE27E26F3DC3E00335D38 /* Project object */;
			proxyType = 1;
			remoteGlobalIDString = 2C3EE28526F3DC3E00335D38;
			remoteInfo = flixter;
		};
/* End PBXContainerItemProxy section */

/* Begin PBXFileReference section */
		087F2CFD14A1063B27C136E9 /* Pods_flixter.framework */ = {isa = PBXFileReference; explicitFileType = wrapper.framework; includeInIndex = 0; path = Pods_flixter.framework; sourceTree = BUILT_PRODUCTS_DIR; };
		1E09C86CAB9E7E0C36D5A289 /* Pods-flixter-flixterUITests.debug.xcconfig */ = {isa = PBXFileReference; includeInIndex = 1; lastKnownFileType = text.xcconfig; name = "Pods-flixter-flixterUITests.debug.xcconfig"; path = "Target Support Files/Pods-flixter-flixterUITests/Pods-flixter-flixterUITests.debug.xcconfig"; sourceTree = "<group>"; };
		2C3600C526F695A900AEAFBD /* MovieCell.swift */ = {isa = PBXFileReference; lastKnownFileType = sourcecode.swift; path = MovieCell.swift; sourceTree = "<group>"; };
		2C3EE28626F3DC3E00335D38 /* flixter.app */ = {isa = PBXFileReference; explicitFileType = wrapper.application; includeInIndex = 0; path = flixter.app; sourceTree = BUILT_PRODUCTS_DIR; };
		2C3EE28926F3DC3E00335D38 /* AppDelegate.swift */ = {isa = PBXFileReference; lastKnownFileType = sourcecode.swift; path = AppDelegate.swift; sourceTree = "<group>"; };
		2C3EE28B26F3DC3E00335D38 /* SceneDelegate.swift */ = {isa = PBXFileReference; lastKnownFileType = sourcecode.swift; path = SceneDelegate.swift; sourceTree = "<group>"; };
		2C3EE28D26F3DC3E00335D38 /* ViewController.swift */ = {isa = PBXFileReference; lastKnownFileType = sourcecode.swift; path = ViewController.swift; sourceTree = "<group>"; };
		2C3EE29026F3DC3E00335D38 /* Base */ = {isa = PBXFileReference; lastKnownFileType = file.storyboard; name = Base; path = Base.lproj/Main.storyboard; sourceTree = "<group>"; };
		2C3EE29226F3DC3F00335D38 /* Assets.xcassets */ = {isa = PBXFileReference; lastKnownFileType = folder.assetcatalog; path = Assets.xcassets; sourceTree = "<group>"; };
		2C3EE29526F3DC3F00335D38 /* Base */ = {isa = PBXFileReference; lastKnownFileType = file.storyboard; name = Base; path = Base.lproj/LaunchScreen.storyboard; sourceTree = "<group>"; };
		2C3EE29726F3DC3F00335D38 /* Info.plist */ = {isa = PBXFileReference; lastKnownFileType = text.plist.xml; path = Info.plist; sourceTree = "<group>"; };
		2C3EE29C26F3DC4000335D38 /* flixterTests.xctest */ = {isa = PBXFileReference; explicitFileType = wrapper.cfbundle; includeInIndex = 0; path = flixterTests.xctest; sourceTree = BUILT_PRODUCTS_DIR; };
		2C3EE2A026F3DC4000335D38 /* flixterTests.swift */ = {isa = PBXFileReference; lastKnownFileType = sourcecode.swift; path = flixterTests.swift; sourceTree = "<group>"; };
		2C3EE2A226F3DC4000335D38 /* Info.plist */ = {isa = PBXFileReference; lastKnownFileType = text.plist.xml; path = Info.plist; sourceTree = "<group>"; };
		2C3EE2A726F3DC4000335D38 /* flixterUITests.xctest */ = {isa = PBXFileReference; explicitFileType = wrapper.cfbundle; includeInIndex = 0; path = flixterUITests.xctest; sourceTree = BUILT_PRODUCTS_DIR; };
		2C3EE2AB26F3DC4000335D38 /* flixterUITests.swift */ = {isa = PBXFileReference; lastKnownFileType = sourcecode.swift; path = flixterUITests.swift; sourceTree = "<group>"; };
		2C3EE2AD26F3DC4000335D38 /* Info.plist */ = {isa = PBXFileReference; lastKnownFileType = text.plist.xml; path = Info.plist; sourceTree = "<group>"; };
		2C3EE2B926F525B000335D38 /* MoviesViewController.swift */ = {isa = PBXFileReference; lastKnownFileType = sourcecode.swift; path = MoviesViewController.swift; sourceTree = "<group>"; };
		2CA0ACC97035D22C9F2A6312 /* Pods-flixterTests.debug.xcconfig */ = {isa = PBXFileReference; includeInIndex = 1; lastKnownFileType = text.xcconfig; name = "Pods-flixterTests.debug.xcconfig"; path = "Target Support Files/Pods-flixterTests/Pods-flixterTests.debug.xcconfig"; sourceTree = "<group>"; };
		73883744AEAD8BE64F090D8D /* Pods_flixterTests.framework */ = {isa = PBXFileReference; explicitFileType = wrapper.framework; includeInIndex = 0; path = Pods_flixterTests.framework; sourceTree = BUILT_PRODUCTS_DIR; };
		758FC349B817CB3D92791AEC /* Pods-flixterTests.release.xcconfig */ = {isa = PBXFileReference; includeInIndex = 1; lastKnownFileType = text.xcconfig; name = "Pods-flixterTests.release.xcconfig"; path = "Target Support Files/Pods-flixterTests/Pods-flixterTests.release.xcconfig"; sourceTree = "<group>"; };
		8C81D3DB12F39EAC209CA607 /* Pods-flixter-flixterUITests.release.xcconfig */ = {isa = PBXFileReference; includeInIndex = 1; lastKnownFileType = text.xcconfig; name = "Pods-flixter-flixterUITests.release.xcconfig"; path = "Target Support Files/Pods-flixter-flixterUITests/Pods-flixter-flixterUITests.release.xcconfig"; sourceTree = "<group>"; };
		9104C72BBAD2E50C620FEABE /* Pods-flixter.debug.xcconfig */ = {isa = PBXFileReference; includeInIndex = 1; lastKnownFileType = text.xcconfig; name = "Pods-flixter.debug.xcconfig"; path = "Target Support Files/Pods-flixter/Pods-flixter.debug.xcconfig"; sourceTree = "<group>"; };
		C9D8B80EBAA943824552D54B /* Pods_flixter_flixterUITests.framework */ = {isa = PBXFileReference; explicitFileType = wrapper.framework; includeInIndex = 0; path = Pods_flixter_flixterUITests.framework; sourceTree = BUILT_PRODUCTS_DIR; };
		CC50E501CCF4C7F81F853D30 /* Pods-flixter.release.xcconfig */ = {isa = PBXFileReference; includeInIndex = 1; lastKnownFileType = text.xcconfig; name = "Pods-flixter.release.xcconfig"; path = "Target Support Files/Pods-flixter/Pods-flixter.release.xcconfig"; sourceTree = "<group>"; };
/* End PBXFileReference section */

/* Begin PBXFrameworksBuildPhase section */
		2C3EE28326F3DC3E00335D38 /* Frameworks */ = {
			isa = PBXFrameworksBuildPhase;
			buildActionMask = 2147483647;
			files = (
				2C1A2A9A26FE7886009C3F1D /* AlamofireImage in Frameworks */,
				40B6398FDF687A58E94D0384 /* Pods_flixter.framework in Frameworks */,
			);
			runOnlyForDeploymentPostprocessing = 0;
		};
		2C3EE29926F3DC4000335D38 /* Frameworks */ = {
			isa = PBXFrameworksBuildPhase;
			buildActionMask = 2147483647;
			files = (
				D5CB7ED9EC3756404DD7BCF2 /* Pods_flixterTests.framework in Frameworks */,
			);
			runOnlyForDeploymentPostprocessing = 0;
		};
		2C3EE2A426F3DC4000335D38 /* Frameworks */ = {
			isa = PBXFrameworksBuildPhase;
			buildActionMask = 2147483647;
			files = (
				C3E94C2BA0FB61614D95662C /* Pods_flixter_flixterUITests.framework in Frameworks */,
			);
			runOnlyForDeploymentPostprocessing = 0;
		};
/* End PBXFrameworksBuildPhase section */

/* Begin PBXGroup section */
		2C3EE27D26F3DC3E00335D38 = {
			isa = PBXGroup;
			children = (
				2C3EE28826F3DC3E00335D38 /* flixter */,
				2C3EE29F26F3DC4000335D38 /* flixterTests */,
				2C3EE2AA26F3DC4000335D38 /* flixterUITests */,
				2C3EE28726F3DC3E00335D38 /* Products */,
				426A724118EA78B3C7E711A6 /* Pods */,
				FCDACCDD7EFB1FA4B4500124 /* Frameworks */,
			);
			sourceTree = "<group>";
		};
		2C3EE28726F3DC3E00335D38 /* Products */ = {
			isa = PBXGroup;
			children = (
				2C3EE28626F3DC3E00335D38 /* flixter.app */,
				2C3EE29C26F3DC4000335D38 /* flixterTests.xctest */,
				2C3EE2A726F3DC4000335D38 /* flixterUITests.xctest */,
			);
			name = Products;
			sourceTree = "<group>";
		};
		2C3EE28826F3DC3E00335D38 /* flixter */ = {
			isa = PBXGroup;
			children = (
				2C3600C526F695A900AEAFBD /* MovieCell.swift */,
				2C3EE28926F3DC3E00335D38 /* AppDelegate.swift */,
				2C3EE28B26F3DC3E00335D38 /* SceneDelegate.swift */,
				2C3EE28D26F3DC3E00335D38 /* ViewController.swift */,
				2C3EE28F26F3DC3E00335D38 /* Main.storyboard */,
				2C3EE29226F3DC3F00335D38 /* Assets.xcassets */,
				2C3EE29426F3DC3F00335D38 /* LaunchScreen.storyboard */,
				2C3EE29726F3DC3F00335D38 /* Info.plist */,
				2C3EE2B926F525B000335D38 /* MoviesViewController.swift */,
			);
			path = flixter;
			sourceTree = "<group>";
		};
		2C3EE29F26F3DC4000335D38 /* flixterTests */ = {
			isa = PBXGroup;
			children = (
				2C3EE2A026F3DC4000335D38 /* flixterTests.swift */,
				2C3EE2A226F3DC4000335D38 /* Info.plist */,
			);
			path = flixterTests;
			sourceTree = "<group>";
		};
		2C3EE2AA26F3DC4000335D38 /* flixterUITests */ = {
			isa = PBXGroup;
			children = (
				2C3EE2AB26F3DC4000335D38 /* flixterUITests.swift */,
				2C3EE2AD26F3DC4000335D38 /* Info.plist */,
			);
			path = flixterUITests;
			sourceTree = "<group>";
		};
		426A724118EA78B3C7E711A6 /* Pods */ = {
			isa = PBXGroup;
			children = (
				9104C72BBAD2E50C620FEABE /* Pods-flixter.debug.xcconfig */,
				CC50E501CCF4C7F81F853D30 /* Pods-flixter.release.xcconfig */,
				1E09C86CAB9E7E0C36D5A289 /* Pods-flixter-flixterUITests.debug.xcconfig */,
				8C81D3DB12F39EAC209CA607 /* Pods-flixter-flixterUITests.release.xcconfig */,
				2CA0ACC97035D22C9F2A6312 /* Pods-flixterTests.debug.xcconfig */,
				758FC349B817CB3D92791AEC /* Pods-flixterTests.release.xcconfig */,
			);
			name = Pods;
			path = Pods;
			sourceTree = "<group>";
		};
		FCDACCDD7EFB1FA4B4500124 /* Frameworks */ = {
			isa = PBXGroup;
			children = (
				087F2CFD14A1063B27C136E9 /* Pods_flixter.framework */,
				C9D8B80EBAA943824552D54B /* Pods_flixter_flixterUITests.framework */,
				73883744AEAD8BE64F090D8D /* Pods_flixterTests.framework */,
			);
			name = Frameworks;
			sourceTree = "<group>";
		};
/* End PBXGroup section */

/* Begin PBXNativeTarget section */
		2C3EE28526F3DC3E00335D38 /* flixter */ = {
			isa = PBXNativeTarget;
			buildConfigurationList = 2C3EE2B026F3DC4000335D38 /* Build configuration list for PBXNativeTarget "flixter" */;
			buildPhases = (
				F40D3837651DA73FD8E6EEB4 /* [CP] Check Pods Manifest.lock */,
				2C3EE28226F3DC3E00335D38 /* Sources */,
				2C3EE28326F3DC3E00335D38 /* Frameworks */,
				2C3EE28426F3DC3E00335D38 /* Resources */,
				D45BD7229368694D82FBFD29 /* [CP] Embed Pods Frameworks */,
			);
			buildRules = (
			);
			dependencies = (
			);
			name = flixter;
			packageProductDependencies = (
				2C1A2A9926FE7886009C3F1D /* AlamofireImage */,
			);
			productName = flixter;
			productReference = 2C3EE28626F3DC3E00335D38 /* flixter.app */;
			productType = "com.apple.product-type.application";
		};
		2C3EE29B26F3DC4000335D38 /* flixterTests */ = {
			isa = PBXNativeTarget;
			buildConfigurationList = 2C3EE2B326F3DC4000335D38 /* Build configuration list for PBXNativeTarget "flixterTests" */;
			buildPhases = (
				F5BECE267A5CBE169F4AED6A /* [CP] Check Pods Manifest.lock */,
				2C3EE29826F3DC4000335D38 /* Sources */,
				2C3EE29926F3DC4000335D38 /* Frameworks */,
				2C3EE29A26F3DC4000335D38 /* Resources */,
			);
			buildRules = (
			);
			dependencies = (
				2C3EE29E26F3DC4000335D38 /* PBXTargetDependency */,
			);
			name = flixterTests;
			productName = flixterTests;
			productReference = 2C3EE29C26F3DC4000335D38 /* flixterTests.xctest */;
			productType = "com.apple.product-type.bundle.unit-test";
		};
		2C3EE2A626F3DC4000335D38 /* flixterUITests */ = {
			isa = PBXNativeTarget;
			buildConfigurationList = 2C3EE2B626F3DC4000335D38 /* Build configuration list for PBXNativeTarget "flixterUITests" */;
			buildPhases = (
				B96204E15375D6F0262E754E /* [CP] Check Pods Manifest.lock */,
				2C3EE2A326F3DC4000335D38 /* Sources */,
				2C3EE2A426F3DC4000335D38 /* Frameworks */,
				2C3EE2A526F3DC4000335D38 /* Resources */,
				2B275A3D68A01411F470EF4F /* [CP] Embed Pods Frameworks */,
			);
			buildRules = (
			);
			dependencies = (
				2C3EE2A926F3DC4000335D38 /* PBXTargetDependency */,
			);
			name = flixterUITests;
			productName = flixterUITests;
			productReference = 2C3EE2A726F3DC4000335D38 /* flixterUITests.xctest */;
			productType = "com.apple.product-type.bundle.ui-testing";
		};
/* End PBXNativeTarget section */

/* Begin PBXProject section */
		2C3EE27E26F3DC3E00335D38 /* Project object */ = {
			isa = PBXProject;
			attributes = {
				LastSwiftUpdateCheck = 1250;
				LastUpgradeCheck = 1250;
				TargetAttributes = {
					2C3EE28526F3DC3E00335D38 = {
						CreatedOnToolsVersion = 12.5.1;
					};
					2C3EE29B26F3DC4000335D38 = {
						CreatedOnToolsVersion = 12.5.1;
						TestTargetID = 2C3EE28526F3DC3E00335D38;
					};
					2C3EE2A626F3DC4000335D38 = {
						CreatedOnToolsVersion = 12.5.1;
						TestTargetID = 2C3EE28526F3DC3E00335D38;
					};
				};
			};
			buildConfigurationList = 2C3EE28126F3DC3E00335D38 /* Build configuration list for PBXProject "flixter" */;
			compatibilityVersion = "Xcode 9.3";
			developmentRegion = en;
			hasScannedForEncodings = 0;
			knownRegions = (
				en,
				Base,
			);
			mainGroup = 2C3EE27D26F3DC3E00335D38;
			packageReferences = (
				2C1A2A9826FE7886009C3F1D /* XCRemoteSwiftPackageReference "AlamofireImage" */,
			);
			productRefGroup = 2C3EE28726F3DC3E00335D38 /* Products */;
			projectDirPath = "";
			projectRoot = "";
			targets = (
				2C3EE28526F3DC3E00335D38 /* flixter */,
				2C3EE29B26F3DC4000335D38 /* flixterTests */,
				2C3EE2A626F3DC4000335D38 /* flixterUITests */,
			);
		};
/* End PBXProject section */

/* Begin PBXResourcesBuildPhase section */
		2C3EE28426F3DC3E00335D38 /* Resources */ = {
			isa = PBXResourcesBuildPhase;
			buildActionMask = 2147483647;
			files = (
				2C3EE29626F3DC3F00335D38 /* LaunchScreen.storyboard in Resources */,
				2C3EE29326F3DC3F00335D38 /* Assets.xcassets in Resources */,
				2C3EE29126F3DC3E00335D38 /* Main.storyboard in Resources */,
			);
			runOnlyForDeploymentPostprocessing = 0;
		};
		2C3EE29A26F3DC4000335D38 /* Resources */ = {
			isa = PBXResourcesBuildPhase;
			buildActionMask = 2147483647;
			files = (
			);
			runOnlyForDeploymentPostprocessing = 0;
		};
		2C3EE2A526F3DC4000335D38 /* Resources */ = {
			isa = PBXResourcesBuildPhase;
			buildActionMask = 2147483647;
			files = (
			);
			runOnlyForDeploymentPostprocessing = 0;
		};
/* End PBXResourcesBuildPhase section */

/* Begin PBXShellScriptBuildPhase section */
		2B275A3D68A01411F470EF4F /* [CP] Embed Pods Frameworks */ = {
			isa = PBXShellScriptBuildPhase;
			buildActionMask = 2147483647;
			files = (
			);
			inputFileListPaths = (
				"${PODS_ROOT}/Target Support Files/Pods-flixter-flixterUITests/Pods-flixter-flixterUITests-frameworks-${CONFIGURATION}-input-files.xcfilelist",
			);
			name = "[CP] Embed Pods Frameworks";
			outputFileListPaths = (
				"${PODS_ROOT}/Target Support Files/Pods-flixter-flixterUITests/Pods-flixter-flixterUITests-frameworks-${CONFIGURATION}-output-files.xcfilelist",
			);
			runOnlyForDeploymentPostprocessing = 0;
			shellPath = /bin/sh;
			shellScript = "\"${PODS_ROOT}/Target Support Files/Pods-flixter-flixterUITests/Pods-flixter-flixterUITests-frameworks.sh\"\n";
			showEnvVarsInLog = 0;
		};
		B96204E15375D6F0262E754E /* [CP] Check Pods Manifest.lock */ = {
			isa = PBXShellScriptBuildPhase;
			buildActionMask = 2147483647;
			files = (
			);
			inputFileListPaths = (
			);
			inputPaths = (
				"${PODS_PODFILE_DIR_PATH}/Podfile.lock",
				"${PODS_ROOT}/Manifest.lock",
			);
			name = "[CP] Check Pods Manifest.lock";
			outputFileListPaths = (
			);
			outputPaths = (
				"$(DERIVED_FILE_DIR)/Pods-flixter-flixterUITests-checkManifestLockResult.txt",
			);
			runOnlyForDeploymentPostprocessing = 0;
			shellPath = /bin/sh;
			shellScript = "diff \"${PODS_PODFILE_DIR_PATH}/Podfile.lock\" \"${PODS_ROOT}/Manifest.lock\" > /dev/null\nif [ $? != 0 ] ; then\n    # print error to STDERR\n    echo \"error: The sandbox is not in sync with the Podfile.lock. Run 'pod install' or update your CocoaPods installation.\" >&2\n    exit 1\nfi\n# This output is used by Xcode 'outputs' to avoid re-running this script phase.\necho \"SUCCESS\" > \"${SCRIPT_OUTPUT_FILE_0}\"\n";
			showEnvVarsInLog = 0;
		};
		D45BD7229368694D82FBFD29 /* [CP] Embed Pods Frameworks */ = {
			isa = PBXShellScriptBuildPhase;
			buildActionMask = 2147483647;
			files = (
			);
			inputFileListPaths = (
				"${PODS_ROOT}/Target Support Files/Pods-flixter/Pods-flixter-frameworks-${CONFIGURATION}-input-files.xcfilelist",
			);
			name = "[CP] Embed Pods Frameworks";
			outputFileListPaths = (
				"${PODS_ROOT}/Target Support Files/Pods-flixter/Pods-flixter-frameworks-${CONFIGURATION}-output-files.xcfilelist",
			);
			runOnlyForDeploymentPostprocessing = 0;
			shellPath = /bin/sh;
			shellScript = "\"${PODS_ROOT}/Target Support Files/Pods-flixter/Pods-flixter-frameworks.sh\"\n";
			showEnvVarsInLog = 0;
		};
		F40D3837651DA73FD8E6EEB4 /* [CP] Check Pods Manifest.lock */ = {
			isa = PBXShellScriptBuildPhase;
			buildActionMask = 2147483647;
			files = (
			);
			inputFileListPaths = (
			);
			inputPaths = (
				"${PODS_PODFILE_DIR_PATH}/Podfile.lock",
				"${PODS_ROOT}/Manifest.lock",
			);
			name = "[CP] Check Pods Manifest.lock";
			outputFileListPaths = (
			);
			outputPaths = (
				"$(DERIVED_FILE_DIR)/Pods-flixter-checkManifestLockResult.txt",
			);
			runOnlyForDeploymentPostprocessing = 0;
			shellPath = /bin/sh;
			shellScript = "diff \"${PODS_PODFILE_DIR_PATH}/Podfile.lock\" \"${PODS_ROOT}/Manifest.lock\" > /dev/null\nif [ $? != 0 ] ; then\n    # print error to STDERR\n    echo \"error: The sandbox is not in sync with the Podfile.lock. Run 'pod install' or update your CocoaPods installation.\" >&2\n    exit 1\nfi\n# This output is used by Xcode 'outputs' to avoid re-running this script phase.\necho \"SUCCESS\" > \"${SCRIPT_OUTPUT_FILE_0}\"\n";
			showEnvVarsInLog = 0;
		};
		F5BECE267A5CBE169F4AED6A /* [CP] Check Pods Manifest.lock */ = {
			isa = PBXShellScriptBuildPhase;
			buildActionMask = 2147483647;
			files = (
			);
			inputFileListPaths = (
			);
			inputPaths = (
				"${PODS_PODFILE_DIR_PATH}/Podfile.lock",
				"${PODS_ROOT}/Manifest.lock",
			);
			name = "[CP] Check Pods Manifest.lock";
			outputFileListPaths = (
			);
			outputPaths = (
				"$(DERIVED_FILE_DIR)/Pods-flixterTests-checkManifestLockResult.txt",
			);
			runOnlyForDeploymentPostprocessing = 0;
			shellPath = /bin/sh;
			shellScript = "diff \"${PODS_PODFILE_DIR_PATH}/Podfile.lock\" \"${PODS_ROOT}/Manifest.lock\" > /dev/null\nif [ $? != 0 ] ; then\n    # print error to STDERR\n    echo \"error: The sandbox is not in sync with the Podfile.lock. Run 'pod install' or update your CocoaPods installation.\" >&2\n    exit 1\nfi\n# This output is used by Xcode 'outputs' to avoid re-running this script phase.\necho \"SUCCESS\" > \"${SCRIPT_OUTPUT_FILE_0}\"\n";
			showEnvVarsInLog = 0;
		};
/* End PBXShellScriptBuildPhase section */

/* Begin PBXSourcesBuildPhase section */
		2C3EE28226F3DC3E00335D38 /* Sources */ = {
			isa = PBXSourcesBuildPhase;
			buildActionMask = 2147483647;
			files = (
				2C3EE28E26F3DC3E00335D38 /* ViewController.swift in Sources */,
				2C3EE28A26F3DC3E00335D38 /* AppDelegate.swift in Sources */,
				2C3EE28C26F3DC3E00335D38 /* SceneDelegate.swift in Sources */,
				2C3600C626F695A900AEAFBD /* MovieCell.swift in Sources */,
				2C3EE2BA26F525B000335D38 /* MoviesViewController.swift in Sources */,
			);
			runOnlyForDeploymentPostprocessing = 0;
		};
		2C3EE29826F3DC4000335D38 /* Sources */ = {
			isa = PBXSourcesBuildPhase;
			buildActionMask = 2147483647;
			files = (
				2C3EE2A126F3DC4000335D38 /* flixterTests.swift in Sources */,
			);
			runOnlyForDeploymentPostprocessing = 0;
		};
		2C3EE2A326F3DC4000335D38 /* Sources */ = {
			isa = PBXSourcesBuildPhase;
			buildActionMask = 2147483647;
			files = (
				2C3EE2AC26F3DC4000335D38 /* flixterUITests.swift in Sources */,
			);
			runOnlyForDeploymentPostprocessing = 0;
		};
/* End PBXSourcesBuildPhase section */

/* Begin PBXTargetDependency section */
		2C3EE29E26F3DC4000335D38 /* PBXTargetDependency */ = {
			isa = PBXTargetDependency;
			target = 2C3EE28526F3DC3E00335D38 /* flixter */;
			targetProxy = 2C3EE29D26F3DC4000335D38 /* PBXContainerItemProxy */;
		};
		2C3EE2A926F3DC4000335D38 /* PBXTargetDependency */ = {
			isa = PBXTargetDependency;
			target = 2C3EE28526F3DC3E00335D38 /* flixter */;
			targetProxy = 2C3EE2A826F3DC4000335D38 /* PBXContainerItemProxy */;
		};
/* End PBXTargetDependency section */

/* Begin PBXVariantGroup section */
		2C3EE28F26F3DC3E00335D38 /* Main.storyboard */ = {
			isa = PBXVariantGroup;
			children = (
				2C3EE29026F3DC3E00335D38 /* Base */,
			);
			name = Main.storyboard;
			sourceTree = "<group>";
		};
		2C3EE29426F3DC3F00335D38 /* LaunchScreen.storyboard */ = {
			isa = PBXVariantGroup;
			children = (
				2C3EE29526F3DC3F00335D38 /* Base */,
			);
			name = LaunchScreen.storyboard;
			sourceTree = "<group>";
		};
/* End PBXVariantGroup section */

/* Begin XCBuildConfiguration section */
		2C3EE2AE26F3DC4000335D38 /* Debug */ = {
			isa = XCBuildConfiguration;
			buildSettings = {
				ALWAYS_SEARCH_USER_PATHS = NO;
				CLANG_ANALYZER_NONNULL = YES;
				CLANG_ANALYZER_NUMBER_OBJECT_CONVERSION = YES_AGGRESSIVE;
				CLANG_CXX_LANGUAGE_STANDARD = "gnu++14";
				CLANG_CXX_LIBRARY = "libc++";
				CLANG_ENABLE_MODULES = YES;
				CLANG_ENABLE_OBJC_ARC = YES;
				CLANG_ENABLE_OBJC_WEAK = YES;
				CLANG_WARN_BLOCK_CAPTURE_AUTORELEASING = YES;
				CLANG_WARN_BOOL_CONVERSION = YES;
				CLANG_WARN_COMMA = YES;
				CLANG_WARN_CONSTANT_CONVERSION = YES;
				CLANG_WARN_DEPRECATED_OBJC_IMPLEMENTATIONS = YES;
				CLANG_WARN_DIRECT_OBJC_ISA_USAGE = YES_ERROR;
				CLANG_WARN_DOCUMENTATION_COMMENTS = YES;
				CLANG_WARN_EMPTY_BODY = YES;
				CLANG_WARN_ENUM_CONVERSION = YES;
				CLANG_WARN_INFINITE_RECURSION = YES;
				CLANG_WARN_INT_CONVERSION = YES;
				CLANG_WARN_NON_LITERAL_NULL_CONVERSION = YES;
				CLANG_WARN_OBJC_IMPLICIT_RETAIN_SELF = YES;
				CLANG_WARN_OBJC_LITERAL_CONVERSION = YES;
				CLANG_WARN_OBJC_ROOT_CLASS = YES_ERROR;
				CLANG_WARN_QUOTED_INCLUDE_IN_FRAMEWORK_HEADER = YES;
				CLANG_WARN_RANGE_LOOP_ANALYSIS = YES;
				CLANG_WARN_STRICT_PROTOTYPES = YES;
				CLANG_WARN_SUSPICIOUS_MOVE = YES;
				CLANG_WARN_UNGUARDED_AVAILABILITY = YES_AGGRESSIVE;
				CLANG_WARN_UNREACHABLE_CODE = YES;
				CLANG_WARN__DUPLICATE_METHOD_MATCH = YES;
				COPY_PHASE_STRIP = NO;
				DEBUG_INFORMATION_FORMAT = dwarf;
				ENABLE_STRICT_OBJC_MSGSEND = YES;
				ENABLE_TESTABILITY = YES;
				GCC_C_LANGUAGE_STANDARD = gnu11;
				GCC_DYNAMIC_NO_PIC = NO;
				GCC_NO_COMMON_BLOCKS = YES;
				GCC_OPTIMIZATION_LEVEL = 0;
				GCC_PREPROCESSOR_DEFINITIONS = (
					"DEBUG=1",
					"$(inherited)",
				);
				GCC_WARN_64_TO_32_BIT_CONVERSION = YES;
				GCC_WARN_ABOUT_RETURN_TYPE = YES_ERROR;
				GCC_WARN_UNDECLARED_SELECTOR = YES;
				GCC_WARN_UNINITIALIZED_AUTOS = YES_AGGRESSIVE;
				GCC_WARN_UNUSED_FUNCTION = YES;
				GCC_WARN_UNUSED_VARIABLE = YES;
				IPHONEOS_DEPLOYMENT_TARGET = 14.5;
				MTL_ENABLE_DEBUG_INFO = INCLUDE_SOURCE;
				MTL_FAST_MATH = YES;
				ONLY_ACTIVE_ARCH = YES;
				SDKROOT = iphoneos;
				SWIFT_ACTIVE_COMPILATION_CONDITIONS = DEBUG;
				SWIFT_OPTIMIZATION_LEVEL = "-Onone";
			};
			name = Debug;
		};
		2C3EE2AF26F3DC4000335D38 /* Release */ = {
			isa = XCBuildConfiguration;
			buildSettings = {
				ALWAYS_SEARCH_USER_PATHS = NO;
				CLANG_ANALYZER_NONNULL = YES;
				CLANG_ANALYZER_NUMBER_OBJECT_CONVERSION = YES_AGGRESSIVE;
				CLANG_CXX_LANGUAGE_STANDARD = "gnu++14";
				CLANG_CXX_LIBRARY = "libc++";
				CLANG_ENABLE_MODULES = YES;
				CLANG_ENABLE_OBJC_ARC = YES;
				CLANG_ENABLE_OBJC_WEAK = YES;
				CLANG_WARN_BLOCK_CAPTURE_AUTORELEASING = YES;
				CLANG_WARN_BOOL_CONVERSION = YES;
				CLANG_WARN_COMMA = YES;
				CLANG_WARN_CONSTANT_CONVERSION = YES;
				CLANG_WARN_DEPRECATED_OBJC_IMPLEMENTATIONS = YES;
				CLANG_WARN_DIRECT_OBJC_ISA_USAGE = YES_ERROR;
				CLANG_WARN_DOCUMENTATION_COMMENTS = YES;
				CLANG_WARN_EMPTY_BODY = YES;
				CLANG_WARN_ENUM_CONVERSION = YES;
				CLANG_WARN_INFINITE_RECURSION = YES;
				CLANG_WARN_INT_CONVERSION = YES;
				CLANG_WARN_NON_LITERAL_NULL_CONVERSION = YES;
				CLANG_WARN_OBJC_IMPLICIT_RETAIN_SELF = YES;
				CLANG_WARN_OBJC_LITERAL_CONVERSION = YES;
				CLANG_WARN_OBJC_ROOT_CLASS = YES_ERROR;
				CLANG_WARN_QUOTED_INCLUDE_IN_FRAMEWORK_HEADER = YES;
				CLANG_WARN_RANGE_LOOP_ANALYSIS = YES;
				CLANG_WARN_STRICT_PROTOTYPES = YES;
				CLANG_WARN_SUSPICIOUS_MOVE = YES;
				CLANG_WARN_UNGUARDED_AVAILABILITY = YES_AGGRESSIVE;
				CLANG_WARN_UNREACHABLE_CODE = YES;
				CLANG_WARN__DUPLICATE_METHOD_MATCH = YES;
				COPY_PHASE_STRIP = NO;
				DEBUG_INFORMATION_FORMAT = "dwarf-with-dsym";
				ENABLE_NS_ASSERTIONS = NO;
				ENABLE_STRICT_OBJC_MSGSEND = YES;
				GCC_C_LANGUAGE_STANDARD = gnu11;
				GCC_NO_COMMON_BLOCKS = YES;
				GCC_WARN_64_TO_32_BIT_CONVERSION = YES;
				GCC_WARN_ABOUT_RETURN_TYPE = YES_ERROR;
				GCC_WARN_UNDECLARED_SELECTOR = YES;
				GCC_WARN_UNINITIALIZED_AUTOS = YES_AGGRESSIVE;
				GCC_WARN_UNUSED_FUNCTION = YES;
				GCC_WARN_UNUSED_VARIABLE = YES;
				IPHONEOS_DEPLOYMENT_TARGET = 14.5;
				MTL_ENABLE_DEBUG_INFO = NO;
				MTL_FAST_MATH = YES;
				SDKROOT = iphoneos;
				SWIFT_COMPILATION_MODE = wholemodule;
				SWIFT_OPTIMIZATION_LEVEL = "-O";
				VALIDATE_PRODUCT = YES;
			};
			name = Release;
		};
		2C3EE2B126F3DC4000335D38 /* Debug */ = {
			isa = XCBuildConfiguration;
			baseConfigurationReference = 9104C72BBAD2E50C620FEABE /* Pods-flixter.debug.xcconfig */;
			buildSettings = {
				ASSETCATALOG_COMPILER_APPICON_NAME = AppIcon;
				ASSETCATALOG_COMPILER_GLOBAL_ACCENT_COLOR_NAME = AccentColor;
				CODE_SIGN_STYLE = Automatic;
				DEVELOPMENT_TEAM = 585K9J244J;
				INFOPLIST_FILE = flixter/Info.plist;
				LD_RUNPATH_SEARCH_PATHS = (
					"$(inherited)",
					"@executable_path/Frameworks",
				);
				PRODUCT_BUNDLE_IDENTIFIER = wenniewu.flixter;
				PRODUCT_NAME = "$(TARGET_NAME)";
				SWIFT_VERSION = 5.0;
				TARGETED_DEVICE_FAMILY = "1,2";
			};
			name = Debug;
		};
		2C3EE2B226F3DC4000335D38 /* Release */ = {
			isa = XCBuildConfiguration;
			baseConfigurationReference = CC50E501CCF4C7F81F853D30 /* Pods-flixter.release.xcconfig */;
			buildSettings = {
				ASSETCATALOG_COMPILER_APPICON_NAME = AppIcon;
				ASSETCATALOG_COMPILER_GLOBAL_ACCENT_COLOR_NAME = AccentColor;
				CODE_SIGN_STYLE = Automatic;
				DEVELOPMENT_TEAM = 585K9J244J;
				INFOPLIST_FILE = flixter/Info.plist;
				LD_RUNPATH_SEARCH_PATHS = (
					"$(inherited)",
					"@executable_path/Frameworks",
				);
				PRODUCT_BUNDLE_IDENTIFIER = wenniewu.flixter;
				PRODUCT_NAME = "$(TARGET_NAME)";
				SWIFT_VERSION = 5.0;
				TARGETED_DEVICE_FAMILY = "1,2";
			};
			name = Release;
		};
		2C3EE2B426F3DC4000335D38 /* Debug */ = {
			isa = XCBuildConfiguration;
			baseConfigurationReference = 2CA0ACC97035D22C9F2A6312 /* Pods-flixterTests.debug.xcconfig */;
			buildSettings = {
				ALWAYS_EMBED_SWIFT_STANDARD_LIBRARIES = YES;
				BUNDLE_LOADER = "$(TEST_HOST)";
				CODE_SIGN_STYLE = Automatic;
				DEVELOPMENT_TEAM = 585K9J244J;
				INFOPLIST_FILE = flixterTests/Info.plist;
				IPHONEOS_DEPLOYMENT_TARGET = 14.5;
				LD_RUNPATH_SEARCH_PATHS = (
					"$(inherited)",
					"@executable_path/Frameworks",
					"@loader_path/Frameworks",
				);
				PRODUCT_BUNDLE_IDENTIFIER = wenniewu.flixterTests;
				PRODUCT_NAME = "$(TARGET_NAME)";
				SWIFT_VERSION = 5.0;
				TARGETED_DEVICE_FAMILY = "1,2";
				TEST_HOST = "$(BUILT_PRODUCTS_DIR)/flixter.app/flixter";
			};
			name = Debug;
		};
		2C3EE2B526F3DC4000335D38 /* Release */ = {
			isa = XCBuildConfiguration;
			baseConfigurationReference = 758FC349B817CB3D92791AEC /* Pods-flixterTests.release.xcconfig */;
			buildSettings = {
				ALWAYS_EMBED_SWIFT_STANDARD_LIBRARIES = YES;
				BUNDLE_LOADER = "$(TEST_HOST)";
				CODE_SIGN_STYLE = Automatic;
				DEVELOPMENT_TEAM = 585K9J244J;
				INFOPLIST_FILE = flixterTests/Info.plist;
				IPHONEOS_DEPLOYMENT_TARGET = 14.5;
				LD_RUNPATH_SEARCH_PATHS = (
					"$(inherited)",
					"@executable_path/Frameworks",
					"@loader_path/Frameworks",
				);
				PRODUCT_BUNDLE_IDENTIFIER = wenniewu.flixterTests;
				PRODUCT_NAME = "$(TARGET_NAME)";
				SWIFT_VERSION = 5.0;
				TARGETED_DEVICE_FAMILY = "1,2";
				TEST_HOST = "$(BUILT_PRODUCTS_DIR)/flixter.app/flixter";
			};
			name = Release;
		};
		2C3EE2B726F3DC4000335D38 /* Debug */ = {
			isa = XCBuildConfiguration;
			baseConfigurationReference = 1E09C86CAB9E7E0C36D5A289 /* Pods-flixter-flixterUITests.debug.xcconfig */;
			buildSettings = {
				ALWAYS_EMBED_SWIFT_STANDARD_LIBRARIES = YES;
				CODE_SIGN_STYLE = Automatic;
				DEVELOPMENT_TEAM = 585K9J244J;
				INFOPLIST_FILE = flixterUITests/Info.plist;
				LD_RUNPATH_SEARCH_PATHS = (
					"$(inherited)",
					"@executable_path/Frameworks",
					"@loader_path/Frameworks",
				);
				PRODUCT_BUNDLE_IDENTIFIER = wenniewu.flixterUITests;
				PRODUCT_NAME = "$(TARGET_NAME)";
				SWIFT_VERSION = 5.0;
				TARGETED_DEVICE_FAMILY = "1,2";
				TEST_TARGET_NAME = flixter;
			};
			name = Debug;
		};
		2C3EE2B826F3DC4000335D38 /* Release */ = {
			isa = XCBuildConfiguration;
			baseConfigurationReference = 8C81D3DB12F39EAC209CA607 /* Pods-flixter-flixterUITests.release.xcconfig */;
			buildSettings = {
				ALWAYS_EMBED_SWIFT_STANDARD_LIBRARIES = YES;
				CODE_SIGN_STYLE = Automatic;
				DEVELOPMENT_TEAM = 585K9J244J;
				INFOPLIST_FILE = flixterUITests/Info.plist;
				LD_RUNPATH_SEARCH_PATHS = (
					"$(inherited)",
					"@executable_path/Frameworks",
					"@loader_path/Frameworks",
				);
				PRODUCT_BUNDLE_IDENTIFIER = wenniewu.flixterUITests;
				PRODUCT_NAME = "$(TARGET_NAME)";
				SWIFT_VERSION = 5.0;
				TARGETED_DEVICE_FAMILY = "1,2";
				TEST_TARGET_NAME = flixter;
			};
			name = Release;
		};
/* End XCBuildConfiguration section */

/* Begin XCConfigurationList section */
		2C3EE28126F3DC3E00335D38 /* Build configuration list for PBXProject "flixter" */ = {
			isa = XCConfigurationList;
			buildConfigurations = (
				2C3EE2AE26F3DC4000335D38 /* Debug */,
				2C3EE2AF26F3DC4000335D38 /* Release */,
			);
			defaultConfigurationIsVisible = 0;
			defaultConfigurationName = Release;
		};
		2C3EE2B026F3DC4000335D38 /* Build configuration list for PBXNativeTarget "flixter" */ = {
			isa = XCConfigurationList;
			buildConfigurations = (
				2C3EE2B126F3DC4000335D38 /* Debug */,
				2C3EE2B226F3DC4000335D38 /* Release */,
			);
			defaultConfigurationIsVisible = 0;
			defaultConfigurationName = Release;
		};
		2C3EE2B326F3DC4000335D38 /* Build configuration list for PBXNativeTarget "flixterTests" */ = {
			isa = XCConfigurationList;
			buildConfigurations = (
				2C3EE2B426F3DC4000335D38 /* Debug */,
				2C3EE2B526F3DC4000335D38 /* Release */,
			);
			defaultConfigurationIsVisible = 0;
			defaultConfigurationName = Release;
		};
		2C3EE2B626F3DC4000335D38 /* Build configuration list for PBXNativeTarget "flixterUITests" */ = {
			isa = XCConfigurationList;
			buildConfigurations = (
				2C3EE2B726F3DC4000335D38 /* Debug */,
				2C3EE2B826F3DC4000335D38 /* Release */,
			);
			defaultConfigurationIsVisible = 0;
			defaultConfigurationName = Release;
		};
/* End XCConfigurationList section */

/* Begin XCRemoteSwiftPackageReference section */
		2C1A2A9826FE7886009C3F1D /* XCRemoteSwiftPackageReference "AlamofireImage" */ = {
			isa = XCRemoteSwiftPackageReference;
			repositoryURL = "https://github.com/Alamofire/AlamofireImage";
			requirement = {
				kind = upToNextMajorVersion;
				minimumVersion = 4.2.0;
			};
		};
/* End XCRemoteSwiftPackageReference section */

/* Begin XCSwiftPackageProductDependency section */
		2C1A2A9926FE7886009C3F1D /* AlamofireImage */ = {
			isa = XCSwiftPackageProductDependency;
			package = 2C1A2A9826FE7886009C3F1D /* XCRemoteSwiftPackageReference "AlamofireImage" */;
			productName = AlamofireImage;
		};
/* End XCSwiftPackageProductDependency section */
	};
	rootObject = 2C3EE27E26F3DC3E00335D38 /* Project object */;
}
